
Microsoft Visual Studio Solution File, Format Version 12.00
# Visual Studio Version 16
VisualStudioVersion = 16.0.31515.178
MinimumVisualStudioVersion = 10.0.40219.1
Project("{FAE04EC0-301F-11D3-BF4B-00C04F79EFBC}") = "Uçak Rezarvasyon Sistemi", "Uçak Rezarvasyon Sistemi\Uçak Rezarvasyon Sistemi.csproj", "{F1D4111C-3854-4739-B977-3D740323F917}"
EndProject
Global
	GlobalSection(SolutionConfigurationPlatforms) = preSolution
		Debug|Any CPU = Debug|Any CPU
		Release|Any CPU = Release|Any CPU
	EndGlobalSection
	GlobalSection(ProjectConfigurationPlatforms) = postSolution
		{F1D4111C-3854-4739-B977-3D740323F917}.Debug|Any CPU.ActiveCfg = Debug|Any CPU
		{F1D4111C-3854-4739-B977-3D740323F917}.Debug|Any CPU.Build.0 = Debug|Any CPU
		{F1D4111C-3854-4739-B977-3D740323F917}.Release|Any CPU.ActiveCfg = Release|Any CPU
		{F1D4111C-3854-4739-B977-3D740323F917}.Release|Any CPU.Build.0 = Release|Any CPU
	EndGlobalSection
	GlobalSection(SolutionProperties) = preSolution
		HideSolutionNode = FALSE
	EndGlobalSection
	GlobalSection(ExtensibilityGlobals) = postSolution
		SolutionGuid = {5BBA4138-7B81-4631-9300-2447926AB394}
	EndGlobalSection
EndGlobal
